
Microsoft Visual Studio Solution File, Format Version 12.00
# Visual Studio Version 17
VisualStudioVersion = 17.1.32421.90
MinimumVisualStudioVersion = 10.0.40219.1
Project("{FAE04EC0-301F-11D3-BF4B-00C04F79EFBC}") = "OPCUAWriteData", "OPCUAWriteData.csproj", "{97DE1585-2895-44AA-BFE7-72ECF4780320}"
EndProject
Global
	GlobalSection(SolutionConfigurationPlatforms) = preSolution
		Debug|Any CPU = Debug|Any CPU
		Release|Any CPU = Release|Any CPU
	EndGlobalSection
	GlobalSection(ProjectConfigurationPlatforms) = postSolution
		{97DE1585-2895-44AA-BFE7-72ECF4780320}.Debug|Any CPU.ActiveCfg = Debug|Any CPU
		{97DE1585-2895-44AA-BFE7-72ECF4780320}.Debug|Any CPU.Build.0 = Debug|Any CPU
		{97DE1585-2895-44AA-BFE7-72ECF4780320}.Release|Any CPU.ActiveCfg = Release|Any CPU
		{97DE1585-2895-44AA-BFE7-72ECF4780320}.Release|Any CPU.Build.0 = Release|Any CPU
	EndGlobalSection
	GlobalSection(SolutionProperties) = preSolution
		HideSolutionNode = FALSE
	EndGlobalSection
	GlobalSection(ExtensibilityGlobals) = postSolution
		SolutionGuid = {3851B924-A8A5-4B8B-9000-C50B92EAA052}
	EndGlobalSection
EndGlobal
